
Microsoft Visual Studio Solution File, Format Version 12.00
# Visual Studio Version 16
VisualStudioVersion = 16.0.31911.196
MinimumVisualStudioVersion = 10.0.40219.1
Project("{FAE04EC0-301F-11D3-BF4B-00C04F79EFBC}") = "WE_API", "WE_API\WE_API.csproj", "{84E37A42-7453-4364-AC78-F1258A2C9821}"
EndProject
Project("{9A19103F-16F7-4668-BE54-9A1E7A4F7556}") = "WE_Test.Business", "..\WE_Test\WE_Test.Business\WE_Test.Business.csproj", "{9DC373D1-B346-4DA0-9C4B-D184527B8DE5}"
EndProject
Project("{9A19103F-16F7-4668-BE54-9A1E7A4F7556}") = "WE_Test.Data", "..\WE_Test\WE_Test.Data\WE_Test.Data.csproj", "{432AFB99-E19E-4B0C-B05E-1B7CFBFC9237}"
EndProject
Project("{9A19103F-16F7-4668-BE54-9A1E7A4F7556}") = "WE_Test.Repository", "..\WE_Test\WE_Test.Repository\WE_Test.Repository.csproj", "{95566648-7D44-49D3-89EB-4C4D91CCED7B}"
EndProject
Global
	GlobalSection(SolutionConfigurationPlatforms) = preSolution
		Debug|Any CPU = Debug|Any CPU
		Release|Any CPU = Release|Any CPU
	EndGlobalSection
	GlobalSection(ProjectConfigurationPlatforms) = postSolution
		{84E37A42-7453-4364-AC78-F1258A2C9821}.Debug|Any CPU.ActiveCfg = Debug|Any CPU
		{84E37A42-7453-4364-AC78-F1258A2C9821}.Debug|Any CPU.Build.0 = Debug|Any CPU
		{84E37A42-7453-4364-AC78-F1258A2C9821}.Release|Any CPU.ActiveCfg = Release|Any CPU
		{84E37A42-7453-4364-AC78-F1258A2C9821}.Release|Any CPU.Build.0 = Release|Any CPU
		{9DC373D1-B346-4DA0-9C4B-D184527B8DE5}.Debug|Any CPU.ActiveCfg = Debug|Any CPU
		{9DC373D1-B346-4DA0-9C4B-D184527B8DE5}.Debug|Any CPU.Build.0 = Debug|Any CPU
		{9DC373D1-B346-4DA0-9C4B-D184527B8DE5}.Release|Any CPU.ActiveCfg = Release|Any CPU
		{9DC373D1-B346-4DA0-9C4B-D184527B8DE5}.Release|Any CPU.Build.0 = Release|Any CPU
		{432AFB99-E19E-4B0C-B05E-1B7CFBFC9237}.Debug|Any CPU.ActiveCfg = Debug|Any CPU
		{432AFB99-E19E-4B0C-B05E-1B7CFBFC9237}.Debug|Any CPU.Build.0 = Debug|Any CPU
		{432AFB99-E19E-4B0C-B05E-1B7CFBFC9237}.Release|Any CPU.ActiveCfg = Release|Any CPU
		{432AFB99-E19E-4B0C-B05E-1B7CFBFC9237}.Release|Any CPU.Build.0 = Release|Any CPU
		{95566648-7D44-49D3-89EB-4C4D91CCED7B}.Debug|Any CPU.ActiveCfg = Debug|Any CPU
		{95566648-7D44-49D3-89EB-4C4D91CCED7B}.Debug|Any CPU.Build.0 = Debug|Any CPU
		{95566648-7D44-49D3-89EB-4C4D91CCED7B}.Release|Any CPU.ActiveCfg = Release|Any CPU
		{95566648-7D44-49D3-89EB-4C4D91CCED7B}.Release|Any CPU.Build.0 = Release|Any CPU
	EndGlobalSection
	GlobalSection(SolutionProperties) = preSolution
		HideSolutionNode = FALSE
	EndGlobalSection
	GlobalSection(ExtensibilityGlobals) = postSolution
		SolutionGuid = {7491DA7F-6678-4436-A83D-4C7679D2ED93}
	EndGlobalSection
EndGlobal
